
Microsoft Visual Studio Solution File, Format Version 12.00
# Visual Studio Version 17
VisualStudioVersion = 17.11.35312.102
MinimumVisualStudioVersion = 10.0.40219.1
Project("{FAE04EC0-301F-11D3-BF4B-00C04F79EFBC}") = "Domain", "Domain\Domain.csproj", "{92A7DB90-FC54-4DC4-925E-347554B1B4B5}"
EndProject
Project("{FAE04EC0-301F-11D3-BF4B-00C04F79EFBC}") = "Infrastructure", "Infrastructure\Infrastructure.csproj", "{97552601-5417-42D9-BD7A-0689A2C0DB17}"
EndProject
Project("{FAE04EC0-301F-11D3-BF4B-00C04F79EFBC}") = "Web", "Web\Web.csproj", "{5FADCD19-87C2-42AB-945A-51B54887FCFB}"
EndProject
Project("{FAE04EC0-301F-11D3-BF4B-00C04F79EFBC}") = "Test", "Test\Test.csproj", "{148B0B63-7353-46B1-A51F-0E2318813FC7}"
EndProject
Global
	GlobalSection(SolutionConfigurationPlatforms) = preSolution
		Debug|Any CPU = Debug|Any CPU
		Release|Any CPU = Release|Any CPU
	EndGlobalSection
	GlobalSection(ProjectConfigurationPlatforms) = postSolution
		{92A7DB90-FC54-4DC4-925E-347554B1B4B5}.Debug|Any CPU.ActiveCfg = Debug|Any CPU
		{92A7DB90-FC54-4DC4-925E-347554B1B4B5}.Debug|Any CPU.Build.0 = Debug|Any CPU
		{92A7DB90-FC54-4DC4-925E-347554B1B4B5}.Release|Any CPU.ActiveCfg = Release|Any CPU
		{92A7DB90-FC54-4DC4-925E-347554B1B4B5}.Release|Any CPU.Build.0 = Release|Any CPU
		{97552601-5417-42D9-BD7A-0689A2C0DB17}.Debug|Any CPU.ActiveCfg = Debug|Any CPU
		{97552601-5417-42D9-BD7A-0689A2C0DB17}.Debug|Any CPU.Build.0 = Debug|Any CPU
		{97552601-5417-42D9-BD7A-0689A2C0DB17}.Release|Any CPU.ActiveCfg = Release|Any CPU
		{97552601-5417-42D9-BD7A-0689A2C0DB17}.Release|Any CPU.Build.0 = Release|Any CPU
		{5FADCD19-87C2-42AB-945A-51B54887FCFB}.Debug|Any CPU.ActiveCfg = Debug|Any CPU
		{5FADCD19-87C2-42AB-945A-51B54887FCFB}.Debug|Any CPU.Build.0 = Debug|Any CPU
		{5FADCD19-87C2-42AB-945A-51B54887FCFB}.Release|Any CPU.ActiveCfg = Release|Any CPU
		{5FADCD19-87C2-42AB-945A-51B54887FCFB}.Release|Any CPU.Build.0 = Release|Any CPU
		{148B0B63-7353-46B1-A51F-0E2318813FC7}.Debug|Any CPU.ActiveCfg = Debug|Any CPU
		{148B0B63-7353-46B1-A51F-0E2318813FC7}.Debug|Any CPU.Build.0 = Debug|Any CPU
		{148B0B63-7353-46B1-A51F-0E2318813FC7}.Release|Any CPU.ActiveCfg = Release|Any CPU
		{148B0B63-7353-46B1-A51F-0E2318813FC7}.Release|Any CPU.Build.0 = Release|Any CPU
	EndGlobalSection
	GlobalSection(SolutionProperties) = preSolution
		HideSolutionNode = FALSE
	EndGlobalSection
	GlobalSection(ExtensibilityGlobals) = postSolution
		SolutionGuid = {F2CA5B9A-F9B5-47A0-A1FA-203A5704FF58}
	EndGlobalSection
EndGlobal
